// !$*UTF8*$!
{
	archiveVersion = 1;
	classes = {
	};
	objectVersion = 46;
	objects = {

/* Begin PBXBuildFile section */
		1B69BF6B1C77E19800AE9EE7 /* AppDelegate.swift in Sources */ = {isa = PBXBuildFile; fileRef = 1B69BF6A1C77E19800AE9EE7 /* AppDelegate.swift */; };
		1B69BF6D1C77E19800AE9EE7 /* ViewController.swift in Sources */ = {isa = PBXBuildFile; fileRef = 1B69BF6C1C77E19800AE9EE7 /* ViewController.swift */; };
		1B69BF701C77E19800AE9EE7 /* Main.storyboard in Resources */ = {isa = PBXBuildFile; fileRef = 1B69BF6E1C77E19800AE9EE7 /* Main.storyboard */; };
		1B69BF731C77E19800AE9EE7 /* UHome.xcdatamodeld in Sources */ = {isa = PBXBuildFile; fileRef = 1B69BF711C77E19800AE9EE7 /* UHome.xcdatamodeld */; };
		1B69BF751C77E19800AE9EE7 /* Assets.xcassets in Resources */ = {isa = PBXBuildFile; fileRef = 1B69BF741C77E19800AE9EE7 /* Assets.xcassets */; };
		1B69BF781C77E19800AE9EE7 /* LaunchScreen.storyboard in Resources */ = {isa = PBXBuildFile; fileRef = 1B69BF761C77E19800AE9EE7 /* LaunchScreen.storyboard */; };
		1B69BF861C78BF0D00AE9EE7 /* CommonData.swift in Sources */ = {isa = PBXBuildFile; fileRef = 1B69BF851C78BF0D00AE9EE7 /* CommonData.swift */; };
		1B69BF881C78BF7900AE9EE7 /* MainTabBarController.swift in Sources */ = {isa = PBXBuildFile; fileRef = 1B69BF871C78BF7900AE9EE7 /* MainTabBarController.swift */; };
		1B69BF8A1C78BFD900AE9EE7 /* HomeViewController.swift in Sources */ = {isa = PBXBuildFile; fileRef = 1B69BF891C78BFD900AE9EE7 /* HomeViewController.swift */; };
		1B69BF8C1C78BFE800AE9EE7 /* MessageViewController.swift in Sources */ = {isa = PBXBuildFile; fileRef = 1B69BF8B1C78BFE800AE9EE7 /* MessageViewController.swift */; };
		1B69BF8E1C78BFFA00AE9EE7 /* MyViewController.swift in Sources */ = {isa = PBXBuildFile; fileRef = 1B69BF8D1C78BFFA00AE9EE7 /* MyViewController.swift */; };
		1B69BF901C78C00600AE9EE7 /* SearchViewController.swift in Sources */ = {isa = PBXBuildFile; fileRef = 1B69BF8F1C78C00600AE9EE7 /* SearchViewController.swift */; };
		1BCE88171C7A064000E57831 /* MessageDataSourse.swift in Sources */ = {isa = PBXBuildFile; fileRef = 1BCE88161C7A064000E57831 /* MessageDataSourse.swift */; };
		1BCE881A1C7A06BA00E57831 /* MessageCell.swift in Sources */ = {isa = PBXBuildFile; fileRef = 1BCE88181C7A06BA00E57831 /* MessageCell.swift */; };
		1BCE881B1C7A06BA00E57831 /* MessageCell.xib in Resources */ = {isa = PBXBuildFile; fileRef = 1BCE88191C7A06BA00E57831 /* MessageCell.xib */; };
		1BCE881D1C7A0D9600E57831 /* ChatTableController.swift in Sources */ = {isa = PBXBuildFile; fileRef = 1BCE881C1C7A0D9600E57831 /* ChatTableController.swift */; };
		8D75A04B676242001F52E99F /* Pods.framework in Frameworks */ = {isa = PBXBuildFile; fileRef = A7B9E6640A5A3A9A3FECD50B /* Pods.framework */; };
		9BBE9B081C7A02F6008B50A6 /* LoginViewController.swift in Sources */ = {isa = PBXBuildFile; fileRef = 9BBE9B071C7A02F6008B50A6 /* LoginViewController.swift */; };
		9BBE9B0B1C7A0841008B50A6 /* KtColor.swift in Sources */ = {isa = PBXBuildFile; fileRef = 9BBE9B0A1C7A0841008B50A6 /* KtColor.swift */; };
/* End PBXBuildFile section */

/* Begin PBXFileReference section */
		1B69BF671C77E19800AE9EE7 /* UHome.app */ = {isa = PBXFileReference; explicitFileType = wrapper.application; includeInIndex = 0; path = UHome.app; sourceTree = BUILT_PRODUCTS_DIR; };
		1B69BF6A1C77E19800AE9EE7 /* AppDelegate.swift */ = {isa = PBXFileReference; lastKnownFileType = sourcecode.swift; path = AppDelegate.swift; sourceTree = "<group>"; };
		1B69BF6C1C77E19800AE9EE7 /* ViewController.swift */ = {isa = PBXFileReference; lastKnownFileType = sourcecode.swift; path = ViewController.swift; sourceTree = "<group>"; };
		1B69BF6F1C77E19800AE9EE7 /* Base */ = {isa = PBXFileReference; lastKnownFileType = file.storyboard; name = Base; path = Base.lproj/Main.storyboard; sourceTree = "<group>"; };
		1B69BF721C77E19800AE9EE7 /* UHome.xcdatamodel */ = {isa = PBXFileReference; lastKnownFileType = wrapper.xcdatamodel; path = UHome.xcdatamodel; sourceTree = "<group>"; };
		1B69BF741C77E19800AE9EE7 /* Assets.xcassets */ = {isa = PBXFileReference; lastKnownFileType = folder.assetcatalog; path = Assets.xcassets; sourceTree = "<group>"; };
		1B69BF771C77E19800AE9EE7 /* Base */ = {isa = PBXFileReference; lastKnownFileType = file.storyboard; name = Base; path = Base.lproj/LaunchScreen.storyboard; sourceTree = "<group>"; };
		1B69BF791C77E19900AE9EE7 /* Info.plist */ = {isa = PBXFileReference; lastKnownFileType = text.plist.xml; path = Info.plist; sourceTree = "<group>"; };
		1B69BF851C78BF0D00AE9EE7 /* CommonData.swift */ = {isa = PBXFileReference; fileEncoding = 4; lastKnownFileType = sourcecode.swift; path = CommonData.swift; sourceTree = "<group>"; };
		1B69BF871C78BF7900AE9EE7 /* MainTabBarController.swift */ = {isa = PBXFileReference; fileEncoding = 4; lastKnownFileType = sourcecode.swift; path = MainTabBarController.swift; sourceTree = "<group>"; };
		1B69BF891C78BFD900AE9EE7 /* HomeViewController.swift */ = {isa = PBXFileReference; fileEncoding = 4; lastKnownFileType = sourcecode.swift; path = HomeViewController.swift; sourceTree = "<group>"; };
		1B69BF8B1C78BFE800AE9EE7 /* MessageViewController.swift */ = {isa = PBXFileReference; fileEncoding = 4; lastKnownFileType = sourcecode.swift; name = MessageViewController.swift; path = ../MessageViewController.swift; sourceTree = "<group>"; };
		1B69BF8D1C78BFFA00AE9EE7 /* MyViewController.swift */ = {isa = PBXFileReference; fileEncoding = 4; lastKnownFileType = sourcecode.swift; path = MyViewController.swift; sourceTree = "<group>"; };
		1B69BF8F1C78C00600AE9EE7 /* SearchViewController.swift */ = {isa = PBXFileReference; fileEncoding = 4; lastKnownFileType = sourcecode.swift; path = SearchViewController.swift; sourceTree = "<group>"; };
		1BCE88161C7A064000E57831 /* MessageDataSourse.swift */ = {isa = PBXFileReference; fileEncoding = 4; lastKnownFileType = sourcecode.swift; path = MessageDataSourse.swift; sourceTree = "<group>"; };
		1BCE88181C7A06BA00E57831 /* MessageCell.swift */ = {isa = PBXFileReference; fileEncoding = 4; lastKnownFileType = sourcecode.swift; path = MessageCell.swift; sourceTree = "<group>"; };
		1BCE88191C7A06BA00E57831 /* MessageCell.xib */ = {isa = PBXFileReference; fileEncoding = 4; lastKnownFileType = file.xib; path = MessageCell.xib; sourceTree = "<group>"; };
		1BCE881C1C7A0D9600E57831 /* ChatTableController.swift */ = {isa = PBXFileReference; fileEncoding = 4; lastKnownFileType = sourcecode.swift; path = ChatTableController.swift; sourceTree = "<group>"; };
		751F9117AF3A2B25B6859830 /* Pods.debug.xcconfig */ = {isa = PBXFileReference; includeInIndex = 1; lastKnownFileType = text.xcconfig; name = Pods.debug.xcconfig; path = "Pods/Target Support Files/Pods/Pods.debug.xcconfig"; sourceTree = "<group>"; };
		9BBE9B071C7A02F6008B50A6 /* LoginViewController.swift */ = {isa = PBXFileReference; fileEncoding = 4; lastKnownFileType = sourcecode.swift; path = LoginViewController.swift; sourceTree = "<group>"; };
		9BBE9B0A1C7A0841008B50A6 /* KtColor.swift */ = {isa = PBXFileReference; fileEncoding = 4; lastKnownFileType = sourcecode.swift; path = KtColor.swift; sourceTree = "<group>"; };
		A7B9E6640A5A3A9A3FECD50B /* Pods.framework */ = {isa = PBXFileReference; explicitFileType = wrapper.framework; includeInIndex = 0; path = Pods.framework; sourceTree = BUILT_PRODUCTS_DIR; };
		CD8B9740C67EA713DCA6A616 /* Pods.release.xcconfig */ = {isa = PBXFileReference; includeInIndex = 1; lastKnownFileType = text.xcconfig; name = Pods.release.xcconfig; path = "Pods/Target Support Files/Pods/Pods.release.xcconfig"; sourceTree = "<group>"; };
/* End PBXFileReference section */

/* Begin PBXFrameworksBuildPhase section */
		1B69BF641C77E19800AE9EE7 /* Frameworks */ = {
			isa = PBXFrameworksBuildPhase;
			buildActionMask = 2147483647;
			files = (
				8D75A04B676242001F52E99F /* Pods.framework in Frameworks */,
			);
			runOnlyForDeploymentPostprocessing = 0;
		};
/* End PBXFrameworksBuildPhase section */

/* Begin PBXGroup section */
		1B69BF5E1C77E19800AE9EE7 = {
			isa = PBXGroup;
			children = (
				1B69BF691C77E19800AE9EE7 /* UHome */,
				1B69BF681C77E19800AE9EE7 /* Products */,
				C2E4E6EEEC8F3910BF47C5A6 /* Pods */,
				1C9B53C1F8EE83ED76BFE073 /* Frameworks */,
			);
			sourceTree = "<group>";
		};
		1B69BF681C77E19800AE9EE7 /* Products */ = {
			isa = PBXGroup;
			children = (
				1B69BF671C77E19800AE9EE7 /* UHome.app */,
			);
			name = Products;
			sourceTree = "<group>";
		};
		1B69BF691C77E19800AE9EE7 /* UHome */ = {
			isa = PBXGroup;
			children = (
				1B69BF6A1C77E19800AE9EE7 /* AppDelegate.swift */,
				1B69BF7F1C78BE4300AE9EE7 /* Common */,
				9BBE9B091C7A0841008B50A6 /* Extension */,
				1B69BF811C78BE4300AE9EE7 /* Home */,
				1B69BF821C78BE4300AE9EE7 /* Message */,
				1B69BF831C78BE4300AE9EE7 /* My */,
				1B69BF841C78BE4300AE9EE7 /* Search */,
				1B69BF6C1C77E19800AE9EE7 /* ViewController.swift */,
				1B69BF6E1C77E19800AE9EE7 /* Main.storyboard */,
				1B69BF741C77E19800AE9EE7 /* Assets.xcassets */,
				1B69BF761C77E19800AE9EE7 /* LaunchScreen.storyboard */,
				1B69BF791C77E19900AE9EE7 /* Info.plist */,
				1B69BF711C77E19800AE9EE7 /* UHome.xcdatamodeld */,
			);
			path = UHome;
			sourceTree = "<group>";
		};
		1B69BF7F1C78BE4300AE9EE7 /* Common */ = {
			isa = PBXGroup;
			children = (
				1B69BF851C78BF0D00AE9EE7 /* CommonData.swift */,
				1B69BF871C78BF7900AE9EE7 /* MainTabBarController.swift */,
				9BBE9B071C7A02F6008B50A6 /* LoginViewController.swift */,
			);
			path = Common;
			sourceTree = "<group>";
		};
		1B69BF811C78BE4300AE9EE7 /* Home */ = {
			isa = PBXGroup;
			children = (
				1B69BF891C78BFD900AE9EE7 /* HomeViewController.swift */,
			);
			path = Home;
			sourceTree = "<group>";
		};
		1B69BF821C78BE4300AE9EE7 /* Message */ = {
			isa = PBXGroup;
			children = (
				1BCE88131C7A05B300E57831 /* Controller */,
				1BCE88141C7A05B300E57831 /* Model */,
				1BCE88151C7A05B300E57831 /* View */,
			);
			path = Message;
			sourceTree = "<group>";
		};
		1B69BF831C78BE4300AE9EE7 /* My */ = {
			isa = PBXGroup;
			children = (
				1B69BF8D1C78BFFA00AE9EE7 /* MyViewController.swift */,
			);
			path = My;
			sourceTree = "<group>";
		};
		1B69BF841C78BE4300AE9EE7 /* Search */ = {
			isa = PBXGroup;
			children = (
				1B69BF8F1C78C00600AE9EE7 /* SearchViewController.swift */,
			);
			path = Search;
			sourceTree = "<group>";
		};
		1BCE88131C7A05B300E57831 /* Controller */ = {
			isa = PBXGroup;
			children = (
				1B69BF8B1C78BFE800AE9EE7 /* MessageViewController.swift */,
				1BCE881C1C7A0D9600E57831 /* ChatTableController.swift */,
			);
			path = Controller;
			sourceTree = "<group>";
		};
		1BCE88141C7A05B300E57831 /* Model */ = {
			isa = PBXGroup;
			children = (
				1BCE88161C7A064000E57831 /* MessageDataSourse.swift */,
			);
			path = Model;
			sourceTree = "<group>";
		};
		1BCE88151C7A05B300E57831 /* View */ = {
			isa = PBXGroup;
			children = (
				1BCE88181C7A06BA00E57831 /* MessageCell.swift */,
				1BCE88191C7A06BA00E57831 /* MessageCell.xib */,
			);
			path = View;
			sourceTree = "<group>";
		};
		1C9B53C1F8EE83ED76BFE073 /* Frameworks */ = {
			isa = PBXGroup;
			children = (
				A7B9E6640A5A3A9A3FECD50B /* Pods.framework */,
			);
			name = Frameworks;
			sourceTree = "<group>";
		};
		9BBE9B091C7A0841008B50A6 /* Extension */ = {
			isa = PBXGroup;
			children = (
				9BBE9B0A1C7A0841008B50A6 /* KtColor.swift */,
			);
			path = Extension;
			sourceTree = "<group>";
		};
		C2E4E6EEEC8F3910BF47C5A6 /* Pods */ = {
			isa = PBXGroup;
			children = (
				751F9117AF3A2B25B6859830 /* Pods.debug.xcconfig */,
				CD8B9740C67EA713DCA6A616 /* Pods.release.xcconfig */,
			);
			name = Pods;
			sourceTree = "<group>";
		};
/* End PBXGroup section */

/* Begin PBXNativeTarget section */
		1B69BF661C77E19800AE9EE7 /* UHome */ = {
			isa = PBXNativeTarget;
			buildConfigurationList = 1B69BF7C1C77E19900AE9EE7 /* Build configuration list for PBXNativeTarget "UHome" */;
			buildPhases = (
				836448EE39CF3DA8024CE971 /* Check Pods Manifest.lock */,
				1B69BF631C77E19800AE9EE7 /* Sources */,
				1B69BF641C77E19800AE9EE7 /* Frameworks */,
				1B69BF651C77E19800AE9EE7 /* Resources */,
				0CBB1CC165AF005176070B9A /* Embed Pods Frameworks */,
				E2F646F7AFD6FEFE84FAD4CD /* Copy Pods Resources */,
			);
			buildRules = (
			);
			dependencies = (
			);
			name = UHome;
			productName = UHome;
			productReference = 1B69BF671C77E19800AE9EE7 /* UHome.app */;
			productType = "com.apple.product-type.application";
		};
/* End PBXNativeTarget section */

/* Begin PBXProject section */
		1B69BF5F1C77E19800AE9EE7 /* Project object */ = {
			isa = PBXProject;
			attributes = {
				LastSwiftUpdateCheck = 0720;
				LastUpgradeCheck = 0720;
				ORGANIZATIONNAME = Martin;
				TargetAttributes = {
					1B69BF661C77E19800AE9EE7 = {
						CreatedOnToolsVersion = 7.2;
						DevelopmentTeam = 9YJM37DPL5;
					};
				};
			};
			buildConfigurationList = 1B69BF621C77E19800AE9EE7 /* Build configuration list for PBXProject "UHome" */;
			compatibilityVersion = "Xcode 3.2";
			developmentRegion = English;
			hasScannedForEncodings = 0;
			knownRegions = (
				en,
				Base,
			);
			mainGroup = 1B69BF5E1C77E19800AE9EE7;
			productRefGroup = 1B69BF681C77E19800AE9EE7 /* Products */;
			projectDirPath = "";
			projectRoot = "";
			targets = (
				1B69BF661C77E19800AE9EE7 /* UHome */,
			);
		};
/* End PBXProject section */

/* Begin PBXResourcesBuildPhase section */
		1B69BF651C77E19800AE9EE7 /* Resources */ = {
			isa = PBXResourcesBuildPhase;
			buildActionMask = 2147483647;
			files = (
				1B69BF781C77E19800AE9EE7 /* LaunchScreen.storyboard in Resources */,
				1BCE881B1C7A06BA00E57831 /* MessageCell.xib in Resources */,
				1B69BF751C77E19800AE9EE7 /* Assets.xcassets in Resources */,
				1B69BF701C77E19800AE9EE7 /* Main.storyboard in Resources */,
			);
			runOnlyForDeploymentPostprocessing = 0;
		};
/* End PBXResourcesBuildPhase section */

/* Begin PBXShellScriptBuildPhase section */
		0CBB1CC165AF005176070B9A /* Embed Pods Frameworks */ = {
			isa = PBXShellScriptBuildPhase;
			buildActionMask = 2147483647;
			files = (
			);
			inputPaths = (
			);
			name = "Embed Pods Frameworks";
			outputPaths = (
			);
			runOnlyForDeploymentPostprocessing = 0;
			shellPath = /bin/sh;
			shellScript = "\"${SRCROOT}/Pods/Target Support Files/Pods/Pods-frameworks.sh\"\n";
			showEnvVarsInLog = 0;
		};
		836448EE39CF3DA8024CE971 /* Check Pods Manifest.lock */ = {
			isa = PBXShellScriptBuildPhase;
			buildActionMask = 2147483647;
			files = (
			);
			inputPaths = (
			);
			name = "Check Pods Manifest.lock";
			outputPaths = (
			);
			runOnlyForDeploymentPostprocessing = 0;
			shellPath = /bin/sh;
			shellScript = "diff \"${PODS_ROOT}/../Podfile.lock\" \"${PODS_ROOT}/Manifest.lock\" > /dev/null\nif [[ $? != 0 ]] ; then\n    cat << EOM\nerror: The sandbox is not in sync with the Podfile.lock. Run 'pod install' or update your CocoaPods installation.\nEOM\n    exit 1\nfi\n";
			showEnvVarsInLog = 0;
		};
		E2F646F7AFD6FEFE84FAD4CD /* Copy Pods Resources */ = {
			isa = PBXShellScriptBuildPhase;
			buildActionMask = 2147483647;
			files = (
			);
			inputPaths = (
			);
			name = "Copy Pods Resources";
			outputPaths = (
			);
			runOnlyForDeploymentPostprocessing = 0;
			shellPath = /bin/sh;
			shellScript = "\"${SRCROOT}/Pods/Target Support Files/Pods/Pods-resources.sh\"\n";
			showEnvVarsInLog = 0;
		};
/* End PBXShellScriptBuildPhase section */

/* Begin PBXSourcesBuildPhase section */
		1B69BF631C77E19800AE9EE7 /* Sources */ = {
			isa = PBXSourcesBuildPhase;
			buildActionMask = 2147483647;
			files = (
				1BCE881D1C7A0D9600E57831 /* ChatTableController.swift in Sources */,
				1BCE881A1C7A06BA00E57831 /* MessageCell.swift in Sources */,
				1B69BF6D1C77E19800AE9EE7 /* ViewController.swift in Sources */,
				1B69BF6B1C77E19800AE9EE7 /* AppDelegate.swift in Sources */,
				1BCE88171C7A064000E57831 /* MessageDataSourse.swift in Sources */,
				1B69BF881C78BF7900AE9EE7 /* MainTabBarController.swift in Sources */,
				1B69BF901C78C00600AE9EE7 /* SearchViewController.swift in Sources */,
				1B69BF861C78BF0D00AE9EE7 /* CommonData.swift in Sources */,
				1B69BF731C77E19800AE9EE7 /* UHome.xcdatamodeld in Sources */,
				9BBE9B0B1C7A0841008B50A6 /* KtColor.swift in Sources */,
				1B69BF8A1C78BFD900AE9EE7 /* HomeViewController.swift in Sources */,
				1B69BF8E1C78BFFA00AE9EE7 /* MyViewController.swift in Sources */,
				9BBE9B081C7A02F6008B50A6 /* LoginViewController.swift in Sources */,
				1B69BF8C1C78BFE800AE9EE7 /* MessageViewController.swift in Sources */,
			);
			runOnlyForDeploymentPostprocessing = 0;
		};
/* End PBXSourcesBuildPhase section */

/* Begin PBXVariantGroup section */
		1B69BF6E1C77E19800AE9EE7 /* Main.storyboard */ = {
			isa = PBXVariantGroup;
			children = (
				1B69BF6F1C77E19800AE9EE7 /* Base */,
			);
			name = Main.storyboard;
			sourceTree = "<group>";
		};
		1B69BF761C77E19800AE9EE7 /* LaunchScreen.storyboard */ = {
			isa = PBXVariantGroup;
			children = (
				1B69BF771C77E19800AE9EE7 /* Base */,
			);
			name = LaunchScreen.storyboard;
			sourceTree = "<group>";
		};
/* End PBXVariantGroup section */

/* Begin XCBuildConfiguration section */
		1B69BF7A1C77E19900AE9EE7 /* Debug */ = {
			isa = XCBuildConfiguration;
			buildSettings = {
				ALWAYS_SEARCH_USER_PATHS = NO;
				CLANG_CXX_LANGUAGE_STANDARD = "gnu++0x";
				CLANG_CXX_LIBRARY = "libc++";
				CLANG_ENABLE_MODULES = YES;
				CLANG_ENABLE_OBJC_ARC = YES;
				CLANG_WARN_BOOL_CONVERSION = YES;
				CLANG_WARN_CONSTANT_CONVERSION = YES;
				CLANG_WARN_DIRECT_OBJC_ISA_USAGE = YES_ERROR;
				CLANG_WARN_EMPTY_BODY = YES;
				CLANG_WARN_ENUM_CONVERSION = YES;
				CLANG_WARN_INT_CONVERSION = YES;
				CLANG_WARN_OBJC_ROOT_CLASS = YES_ERROR;
				CLANG_WARN_UNREACHABLE_CODE = YES;
				CLANG_WARN__DUPLICATE_METHOD_MATCH = YES;
				"CODE_SIGN_IDENTITY[sdk=iphoneos*]" = "iPhone Developer";
				COPY_PHASE_STRIP = NO;
				DEBUG_INFORMATION_FORMAT = dwarf;
				ENABLE_STRICT_OBJC_MSGSEND = YES;
				ENABLE_TESTABILITY = YES;
				GCC_C_LANGUAGE_STANDARD = gnu99;
				GCC_DYNAMIC_NO_PIC = NO;
				GCC_NO_COMMON_BLOCKS = YES;
				GCC_OPTIMIZATION_LEVEL = 0;
				GCC_PREPROCESSOR_DEFINITIONS = (
					"DEBUG=1",
					"$(inherited)",
				);
				GCC_WARN_64_TO_32_BIT_CONVERSION = YES;
				GCC_WARN_ABOUT_RETURN_TYPE = YES_ERROR;
				GCC_WARN_UNDECLARED_SELECTOR = YES;
				GCC_WARN_UNINITIALIZED_AUTOS = YES_AGGRESSIVE;
				GCC_WARN_UNUSED_FUNCTION = YES;
				GCC_WARN_UNUSED_VARIABLE = YES;
				IPHONEOS_DEPLOYMENT_TARGET = 9.2;
				MTL_ENABLE_DEBUG_INFO = YES;
				ONLY_ACTIVE_ARCH = YES;
				SDKROOT = iphoneos;
				SWIFT_OPTIMIZATION_LEVEL = "-Onone";
			};
			name = Debug;
		};
		1B69BF7B1C77E19900AE9EE7 /* Release */ = {
			isa = XCBuildConfiguration;
			buildSettings = {
				ALWAYS_SEARCH_USER_PATHS = NO;
				CLANG_CXX_LANGUAGE_STANDARD = "gnu++0x";
				CLANG_CXX_LIBRARY = "libc++";
				CLANG_ENABLE_MODULES = YES;
				CLANG_ENABLE_OBJC_ARC = YES;
				CLANG_WARN_BOOL_CONVERSION = YES;
				CLANG_WARN_CONSTANT_CONVERSION = YES;
				CLANG_WARN_DIRECT_OBJC_ISA_USAGE = YES_ERROR;
				CLANG_WARN_EMPTY_BODY = YES;
				CLANG_WARN_ENUM_CONVERSION = YES;
				CLANG_WARN_INT_CONVERSION = YES;
				CLANG_WARN_OBJC_ROOT_CLASS = YES_ERROR;
				CLANG_WARN_UNREACHABLE_CODE = YES;
				CLANG_WARN__DUPLICATE_METHOD_MATCH = YES;
				"CODE_SIGN_IDENTITY[sdk=iphoneos*]" = "iPhone Developer";
				COPY_PHASE_STRIP = NO;
				DEBUG_INFORMATION_FORMAT = "dwarf-with-dsym";
				ENABLE_NS_ASSERTIONS = NO;
				ENABLE_STRICT_OBJC_MSGSEND = YES;
				GCC_C_LANGUAGE_STANDARD = gnu99;
				GCC_NO_COMMON_BLOCKS = YES;
				GCC_WARN_64_TO_32_BIT_CONVERSION = YES;
				GCC_WARN_ABOUT_RETURN_TYPE = YES_ERROR;
				GCC_WARN_UNDECLARED_SELECTOR = YES;
				GCC_WARN_UNINITIALIZED_AUTOS = YES_AGGRESSIVE;
				GCC_WARN_UNUSED_FUNCTION = YES;
				GCC_WARN_UNUSED_VARIABLE = YES;
				IPHONEOS_DEPLOYMENT_TARGET = 9.2;
				MTL_ENABLE_DEBUG_INFO = NO;
				SDKROOT = iphoneos;
				VALIDATE_PRODUCT = YES;
			};
			name = Release;
		};
		1B69BF7D1C77E19900AE9EE7 /* Debug */ = {
			isa = XCBuildConfiguration;
			baseConfigurationReference = 751F9117AF3A2B25B6859830 /* Pods.debug.xcconfig */;
			buildSettings = {
				ASSETCATALOG_COMPILER_APPICON_NAME = AppIcon;
				CODE_SIGN_IDENTITY = "iPhone Developer";
				INFOPLIST_FILE = UHome/Info.plist;
				LD_RUNPATH_SEARCH_PATHS = "$(inherited) @executable_path/Frameworks";
				PRODUCT_BUNDLE_IDENTIFIER = com.Martinwjl.UHome;
				PRODUCT_NAME = "$(TARGET_NAME)";
			};
			name = Debug;
		};
		1B69BF7E1C77E19900AE9EE7 /* Release */ = {
			isa = XCBuildConfiguration;
			baseConfigurationReference = CD8B9740C67EA713DCA6A616 /* Pods.release.xcconfig */;
			buildSettings = {
				ASSETCATALOG_COMPILER_APPICON_NAME = AppIcon;
				CODE_SIGN_IDENTITY = "iPhone Developer";
				INFOPLIST_FILE = UHome/Info.plist;
				LD_RUNPATH_SEARCH_PATHS = "$(inherited) @executable_path/Frameworks";
				PRODUCT_BUNDLE_IDENTIFIER = com.Martinwjl.UHome;
				PRODUCT_NAME = "$(TARGET_NAME)";
			};
			name = Release;
		};
/* End XCBuildConfiguration section */

/* Begin XCConfigurationList section */
		1B69BF621C77E19800AE9EE7 /* Build configuration list for PBXProject "UHome" */ = {
			isa = XCConfigurationList;
			buildConfigurations = (
				1B69BF7A1C77E19900AE9EE7 /* Debug */,
				1B69BF7B1C77E19900AE9EE7 /* Release */,
			);
			defaultConfigurationIsVisible = 0;
			defaultConfigurationName = Release;
		};
		1B69BF7C1C77E19900AE9EE7 /* Build configuration list for PBXNativeTarget "UHome" */ = {
			isa = XCConfigurationList;
			buildConfigurations = (
				1B69BF7D1C77E19900AE9EE7 /* Debug */,
				1B69BF7E1C77E19900AE9EE7 /* Release */,
			);
			defaultConfigurationIsVisible = 0;
			defaultConfigurationName = Release;
		};
/* End XCConfigurationList section */

/* Begin XCVersionGroup section */
		1B69BF711C77E19800AE9EE7 /* UHome.xcdatamodeld */ = {
			isa = XCVersionGroup;
			children = (
				1B69BF721C77E19800AE9EE7 /* UHome.xcdatamodel */,
			);
			currentVersion = 1B69BF721C77E19800AE9EE7 /* UHome.xcdatamodel */;
			path = UHome.xcdatamodeld;
			sourceTree = "<group>";
			versionGroupType = wrapper.xcdatamodel;
		};
/* End XCVersionGroup section */
	};
	rootObject = 1B69BF5F1C77E19800AE9EE7 /* Project object */;
}
